
Microsoft Visual Studio Solution File, Format Version 12.00
# Visual Studio Version 17
VisualStudioVersion = 17.11.35312.102
MinimumVisualStudioVersion = 10.0.40219.1
Project("{9A19103F-16F7-4668-BE54-9A1E7A4F7556}") = "Test", "Test\Test.csproj", "{98596232-B2DF-4565-9264-D4B8587F95B3}"
EndProject
Project("{FAE04EC0-301F-11D3-BF4B-00C04F79EFBC}") = "Printers", "Printers\Printers.csproj", "{42AD5EC5-C035-43B2-AB36-2F2FBEE5E0F6}"
EndProject
Project("{2150E333-8FDC-42A3-9474-1A3956D46DE8}") = "Staffs", "Staffs", "{E8EBF446-2470-4C2E-B5DD-E88F04DF043B}"
	ProjectSection(SolutionItems) = preProject
		.gitlab-ci.yml = .gitlab-ci.yml
		ChangeLog.md = ChangeLog.md
		Readme.md = Readme.md
	EndProjectSection
EndProject
Global
	GlobalSection(SolutionConfigurationPlatforms) = preSolution
		Debug|Any CPU = Debug|Any CPU
		Release|Any CPU = Release|Any CPU
	EndGlobalSection
	GlobalSection(ProjectConfigurationPlatforms) = postSolution
		{98596232-B2DF-4565-9264-D4B8587F95B3}.Debug|Any CPU.ActiveCfg = Debug|Any CPU
		{98596232-B2DF-4565-9264-D4B8587F95B3}.Debug|Any CPU.Build.0 = Debug|Any CPU
		{98596232-B2DF-4565-9264-D4B8587F95B3}.Release|Any CPU.ActiveCfg = Release|Any CPU
		{98596232-B2DF-4565-9264-D4B8587F95B3}.Release|Any CPU.Build.0 = Release|Any CPU
		{42AD5EC5-C035-43B2-AB36-2F2FBEE5E0F6}.Debug|Any CPU.ActiveCfg = Debug|Any CPU
		{42AD5EC5-C035-43B2-AB36-2F2FBEE5E0F6}.Debug|Any CPU.Build.0 = Debug|Any CPU
		{42AD5EC5-C035-43B2-AB36-2F2FBEE5E0F6}.Release|Any CPU.ActiveCfg = Release|Any CPU
		{42AD5EC5-C035-43B2-AB36-2F2FBEE5E0F6}.Release|Any CPU.Build.0 = Release|Any CPU
	EndGlobalSection
	GlobalSection(SolutionProperties) = preSolution
		HideSolutionNode = FALSE
	EndGlobalSection
	GlobalSection(ExtensibilityGlobals) = postSolution
		SolutionGuid = {B74012CD-2519-449A-8B4E-89B743D39C44}
	EndGlobalSection
EndGlobal
